PODS:
  - adnet_qq (0.0.1):
    - Flutter
    - GDTMobSDK (= 4.11.11)
  - Flutter (1.0.0)
  - GDTMobSDK (4.11.11):
    - GDTMobSDK/GDTMobSDK (= 4.11.11)
  - GDTMobSDK/GDTMobSDK (4.11.11)

DEPENDENCIES:
  - adnet_qq (from `.symlinks/plugins/adnet_qq/ios`)
  - Flutter (from `Flutter`)

SPEC REPOS:
  trunk:
    - GDTMobSDK

EXTERNAL SOURCES:
  adnet_qq:
    :path: ".symlinks/plugins/adnet_qq/ios"
  Flutter:
    :path: Flutter

SPEC CHECKSUMS:
  adnet_qq: 2066ecf6b7e1f89a1d3a9d71d94f85368e05cc42
  Flutter: 0e3d915762c693b495b44d77113d4970485de6ec
  GDTMobSDK: 5603f2ed5c565f798b9dd13d3dbfb582594ea93a

PODFILE CHECKSUM: 4fe8151dd56579d04cf63a9ac9eec866a5d27f74

COCOAPODS: 1.10.0
