PODS:
  - adnet_qq (0.0.1):
    - Flutter
  - Flutter (1.0.0)

DEPENDENCIES:
  - adnet_qq (from `.symlinks/plugins/adnet_qq/ios`)
  - Flutter (from `.symlinks/flutter/ios`)

EXTERNAL SOURCES:
  adnet_qq:
    :path: ".symlinks/plugins/adnet_qq/ios"
  Flutter:
    :path: ".symlinks/flutter/ios"

SPEC CHECKSUMS:
  adnet_qq: bf02cf13a523aa983765876840af73104fed0176
  Flutter: 58dd7d1b27887414a370fcccb9e645c08ffd7a6a

PODFILE CHECKSUM: aff02bfeed411c636180d6812254b2daeea14d09

COCOAPODS: 1.7.3
