PODS:
  - adnet_qq (0.0.1):
    - Flutter
    - GDTMobSDK (= 4.12.91)
  - Flutter (1.0.0)
  - GDTMobSDK (4.12.91):
    - GDTMobSDK/GDTMobSDK (= 4.12.91)
  - GDTMobSDK/GDTMobSDK (4.12.91)

DEPENDENCIES:
  - adnet_qq (from `.symlinks/plugins/adnet_qq/ios`)
  - Flutter (from `Flutter`)

SPEC REPOS:
  trunk:
    - GDTMobSDK

EXTERNAL SOURCES:
  adnet_qq:
    :path: ".symlinks/plugins/adnet_qq/ios"
  Flutter:
    :path: Flutter

SPEC CHECKSUMS:
  adnet_qq: 96a8603e27627b6a543b8650cd3b83726f7be5b7
  Flutter: 434fef37c0980e73bb6479ef766c45957d4b510c
  GDTMobSDK: 8da9c7433aed9009352f90501e57ef29b6d2fd6e

PODFILE CHECKSUM: 4fe8151dd56579d04cf63a9ac9eec866a5d27f74

COCOAPODS: 1.10.2
